
Microsoft Visual Studio Solution File, Format Version 12.00
# Visual Studio Version 16
VisualStudioVersion = 16.0.30330.147
MinimumVisualStudioVersion = 10.0.40219.1
Project("{FAE04EC0-301F-11D3-BF4B-00C04F79EFBC}") = "IntervalTimer", "IntervalTimer.csproj", "{42D29818-611B-4B7F-A42A-1359030017EE}"
EndProject
Global
	GlobalSection(SolutionConfigurationPlatforms) = preSolution
		Debug|Any CPU = Debug|Any CPU
		Release|Any CPU = Release|Any CPU
	EndGlobalSection
	GlobalSection(ProjectConfigurationPlatforms) = postSolution
		{42D29818-611B-4B7F-A42A-1359030017EE}.Debug|Any CPU.ActiveCfg = Debug|Any CPU
		{42D29818-611B-4B7F-A42A-1359030017EE}.Debug|Any CPU.Build.0 = Debug|Any CPU
		{42D29818-611B-4B7F-A42A-1359030017EE}.Release|Any CPU.ActiveCfg = Release|Any CPU
		{42D29818-611B-4B7F-A42A-1359030017EE}.Release|Any CPU.Build.0 = Release|Any CPU
	EndGlobalSection
	GlobalSection(SolutionProperties) = preSolution
		HideSolutionNode = FALSE
	EndGlobalSection
	GlobalSection(ExtensibilityGlobals) = postSolution
		SolutionGuid = {C7345833-DA05-4678-AB54-0FD65AE19B31}
	EndGlobalSection
EndGlobal
